
Microsoft Visual Studio Solution File, Format Version 12.00
# Visual Studio Version 16
VisualStudioVersion = 16.0.31105.61
MinimumVisualStudioVersion = 10.0.40219.1
Project("{FAE04EC0-301F-11D3-BF4B-00C04F79EFBC}") = "Hostel Tracking", "Hostel Tracking\Hostel Tracking.csproj", "{5F16E74E-2B1A-49E4-9966-5729FD8D24AF}"
EndProject
Global
	GlobalSection(SolutionConfigurationPlatforms) = preSolution
		Debug|Any CPU = Debug|Any CPU
		Release|Any CPU = Release|Any CPU
	EndGlobalSection
	GlobalSection(ProjectConfigurationPlatforms) = postSolution
		{5F16E74E-2B1A-49E4-9966-5729FD8D24AF}.Debug|Any CPU.ActiveCfg = Debug|Any CPU
		{5F16E74E-2B1A-49E4-9966-5729FD8D24AF}.Debug|Any CPU.Build.0 = Debug|Any CPU
		{5F16E74E-2B1A-49E4-9966-5729FD8D24AF}.Release|Any CPU.ActiveCfg = Release|Any CPU
		{5F16E74E-2B1A-49E4-9966-5729FD8D24AF}.Release|Any CPU.Build.0 = Release|Any CPU
	EndGlobalSection
	GlobalSection(SolutionProperties) = preSolution
		HideSolutionNode = FALSE
	EndGlobalSection
	GlobalSection(ExtensibilityGlobals) = postSolution
		SolutionGuid = {4CA723B3-B675-473D-BE5F-28F39A3743C5}
	EndGlobalSection
EndGlobal
